// !$*UTF8*$!
{
	archiveVersion = 1;
	classes = {
	};
	objectVersion = 48;
	objects = {

/* Begin PBXBuildFile section */
		8D0343661FD84C4300F1F965 /* main.cpp in Sources */ = {isa = PBXBuildFile; fileRef = 8D0343651FD84C4300F1F965 /* main.cpp */; };
		8D03436E1FD84C6300F1F965 /* UI.cpp in Sources */ = {isa = PBXBuildFile; fileRef = 8D03436C1FD84C6300F1F965 /* UI.cpp */; };
		8D0343731FD84C9200F1F965 /* Model.cpp in Sources */ = {isa = PBXBuildFile; fileRef = 8D0343711FD84C9200F1F965 /* Model.cpp */; };
		8D03437B1FD84CC600F1F965 /* Repo.cpp in Sources */ = {isa = PBXBuildFile; fileRef = 8D0343791FD84CC600F1F965 /* Repo.cpp */; };
		8D0343831FD84DCF00F1F965 /* Domain.cpp in Sources */ = {isa = PBXBuildFile; fileRef = 8D0343811FD84DCF00F1F965 /* Domain.cpp */; };
		8DBF91D91FD8554100746664 /* Exceptions.cpp in Sources */ = {isa = PBXBuildFile; fileRef = 8DBF91D71FD8554100746664 /* Exceptions.cpp */; };
/* End PBXBuildFile section */

/* Begin PBXCopyFilesBuildPhase section */
		8D0343601FD84C4300F1F965 /* CopyFiles */ = {
			isa = PBXCopyFilesBuildPhase;
			buildActionMask = 2147483647;
			dstPath = /usr/share/man/man1/;
			dstSubfolderSpec = 0;
			files = (
			);
			runOnlyForDeploymentPostprocessing = 1;
		};
/* End PBXCopyFilesBuildPhase section */

/* Begin PBXFileReference section */
		8D0343621FD84C4300F1F965 /* week assignment 2 */ = {isa = PBXFileReference; explicitFileType = "compiled.mach-o.executable"; includeInIndex = 0; path = "week assignment 2"; sourceTree = BUILT_PRODUCTS_DIR; };
		8D0343651FD84C4300F1F965 /* main.cpp */ = {isa = PBXFileReference; lastKnownFileType = sourcecode.cpp.cpp; path = main.cpp; sourceTree = "<group>"; };
		8D03436C1FD84C6300F1F965 /* UI.cpp */ = {isa = PBXFileReference; lastKnownFileType = sourcecode.cpp.cpp; path = UI.cpp; sourceTree = "<group>"; };
		8D03436D1FD84C6300F1F965 /* UI.hpp */ = {isa = PBXFileReference; lastKnownFileType = sourcecode.cpp.h; path = UI.hpp; sourceTree = "<group>"; };
		8D0343711FD84C9200F1F965 /* Model.cpp */ = {isa = PBXFileReference; lastKnownFileType = sourcecode.cpp.cpp; path = Model.cpp; sourceTree = "<group>"; };
		8D0343721FD84C9200F1F965 /* Model.hpp */ = {isa = PBXFileReference; lastKnownFileType = sourcecode.cpp.h; path = Model.hpp; sourceTree = "<group>"; };
		8D0343791FD84CC600F1F965 /* Repo.cpp */ = {isa = PBXFileReference; lastKnownFileType = sourcecode.cpp.cpp; path = Repo.cpp; sourceTree = "<group>"; };
		8D03437A1FD84CC600F1F965 /* Repo.hpp */ = {isa = PBXFileReference; lastKnownFileType = sourcecode.cpp.h; path = Repo.hpp; sourceTree = "<group>"; };
		8D0343811FD84DCF00F1F965 /* Domain.cpp */ = {isa = PBXFileReference; lastKnownFileType = sourcecode.cpp.cpp; path = Domain.cpp; sourceTree = "<group>"; };
		8D0343821FD84DCF00F1F965 /* Domain.hpp */ = {isa = PBXFileReference; lastKnownFileType = sourcecode.cpp.h; path = Domain.hpp; sourceTree = "<group>"; };
		8DBF91D71FD8554100746664 /* Exceptions.cpp */ = {isa = PBXFileReference; lastKnownFileType = sourcecode.cpp.cpp; path = Exceptions.cpp; sourceTree = "<group>"; };
		8DBF91D81FD8554100746664 /* Exceptions.hpp */ = {isa = PBXFileReference; lastKnownFileType = sourcecode.cpp.h; path = Exceptions.hpp; sourceTree = "<group>"; };
/* End PBXFileReference section */

/* Begin PBXFrameworksBuildPhase section */
		8D03435F1FD84C4300F1F965 /* Frameworks */ = {
			isa = PBXFrameworksBuildPhase;
			buildActionMask = 2147483647;
			files = (
			);
			runOnlyForDeploymentPostprocessing = 0;
		};
/* End PBXFrameworksBuildPhase section */

/* Begin PBXGroup section */
		8D0343591FD84C4300F1F965 = {
			isa = PBXGroup;
			children = (
				8D0343641FD84C4300F1F965 /* week assignment 2 */,
				8D0343631FD84C4300F1F965 /* Products */,
			);
			sourceTree = "<group>";
		};
		8D0343631FD84C4300F1F965 /* Products */ = {
			isa = PBXGroup;
			children = (
				8D0343621FD84C4300F1F965 /* week assignment 2 */,
			);
			name = Products;
			sourceTree = "<group>";
		};
		8D0343641FD84C4300F1F965 /* week assignment 2 */ = {
			isa = PBXGroup;
			children = (
				8D0343651FD84C4300F1F965 /* main.cpp */,
				8D0343701FD84C7B00F1F965 /* UI */,
				8D0343841FD84DD400F1F965 /* Domain1 */,
				8D0343741FD84C9900F1F965 /* Model */,
				8D03437C1FD84CCC00F1F965 /* Repo */,
			);
			path = "week assignment 2";
			sourceTree = "<group>";
		};
		8D0343701FD84C7B00F1F965 /* UI */ = {
			isa = PBXGroup;
			children = (
				8D03436C1FD84C6300F1F965 /* UI.cpp */,
				8D03436D1FD84C6300F1F965 /* UI.hpp */,
			);
			path = UI;
			sourceTree = "<group>";
		};
		8D0343741FD84C9900F1F965 /* Model */ = {
			isa = PBXGroup;
			children = (
				8D0343711FD84C9200F1F965 /* Model.cpp */,
				8D0343721FD84C9200F1F965 /* Model.hpp */,
			);
			path = Model;
			sourceTree = "<group>";
		};
		8D03437C1FD84CCC00F1F965 /* Repo */ = {
			isa = PBXGroup;
			children = (
				8D0343791FD84CC600F1F965 /* Repo.cpp */,
				8D03437A1FD84CC600F1F965 /* Repo.hpp */,
			);
			path = Repo;
			sourceTree = "<group>";
		};
		8D0343841FD84DD400F1F965 /* Domain1 */ = {
			isa = PBXGroup;
			children = (
				8D0343811FD84DCF00F1F965 /* Domain.cpp */,
				8D0343821FD84DCF00F1F965 /* Domain.hpp */,
				8DBF91D71FD8554100746664 /* Exceptions.cpp */,
				8DBF91D81FD8554100746664 /* Exceptions.hpp */,
			);
			name = Domain1;
			path = "New Group";
			sourceTree = "<group>";
		};
/* End PBXGroup section */

/* Begin PBXNativeTarget section */
		8D0343611FD84C4300F1F965 /* week assignment 2 */ = {
			isa = PBXNativeTarget;
			buildConfigurationList = 8D0343691FD84C4300F1F965 /* Build configuration list for PBXNativeTarget "week assignment 2" */;
			buildPhases = (
				8D03435E1FD84C4300F1F965 /* Sources */,
				8D03435F1FD84C4300F1F965 /* Frameworks */,
				8D0343601FD84C4300F1F965 /* CopyFiles */,
			);
			buildRules = (
			);
			dependencies = (
			);
			name = "week assignment 2";
			productName = "week assignment 2";
			productReference = 8D0343621FD84C4300F1F965 /* week assignment 2 */;
			productType = "com.apple.product-type.tool";
		};
/* End PBXNativeTarget section */

/* Begin PBXProject section */
		8D03435A1FD84C4300F1F965 /* Project object */ = {
			isa = PBXProject;
			attributes = {
				LastUpgradeCheck = 0910;
				ORGANIZATIONNAME = "Halldór Alvar Kjartansson";
				TargetAttributes = {
					8D0343611FD84C4300F1F965 = {
						CreatedOnToolsVersion = 9.1;
						ProvisioningStyle = Automatic;
					};
				};
			};
			buildConfigurationList = 8D03435D1FD84C4300F1F965 /* Build configuration list for PBXProject "week assignment 2" */;
			compatibilityVersion = "Xcode 8.0";
			developmentRegion = en;
			hasScannedForEncodings = 0;
			knownRegions = (
				en,
			);
			mainGroup = 8D0343591FD84C4300F1F965;
			productRefGroup = 8D0343631FD84C4300F1F965 /* Products */;
			projectDirPath = "";
			projectRoot = "";
			targets = (
				8D0343611FD84C4300F1F965 /* week assignment 2 */,
			);
		};
/* End PBXProject section */

/* Begin PBXSourcesBuildPhase section */
		8D03435E1FD84C4300F1F965 /* Sources */ = {
			isa = PBXSourcesBuildPhase;
			buildActionMask = 2147483647;
			files = (
				8D0343731FD84C9200F1F965 /* Model.cpp in Sources */,
				8D0343661FD84C4300F1F965 /* main.cpp in Sources */,
				8D03436E1FD84C6300F1F965 /* UI.cpp in Sources */,
				8D0343831FD84DCF00F1F965 /* Domain.cpp in Sources */,
				8D03437B1FD84CC600F1F965 /* Repo.cpp in Sources */,
				8DBF91D91FD8554100746664 /* Exceptions.cpp in Sources */,
			);
			runOnlyForDeploymentPostprocessing = 0;
		};
/* End PBXSourcesBuildPhase section */

/* Begin XCBuildConfiguration section */
		8D0343671FD84C4300F1F965 /* Debug */ = {
			isa = XCBuildConfiguration;
			buildSettings = {
				ALWAYS_SEARCH_USER_PATHS = NO;
				CLANG_ANALYZER_NONNULL = YES;
				CLANG_ANALYZER_NUMBER_OBJECT_CONVERSION = YES_AGGRESSIVE;
				CLANG_CXX_LANGUAGE_STANDARD = "gnu++14";
				CLANG_CXX_LIBRARY = "libc++";
				CLANG_ENABLE_MODULES = YES;
				CLANG_ENABLE_OBJC_ARC = YES;
				CLANG_WARN_BLOCK_CAPTURE_AUTORELEASING = YES;
				CLANG_WARN_BOOL_CONVERSION = YES;
				CLANG_WARN_COMMA = YES;
				CLANG_WARN_CONSTANT_CONVERSION = YES;
				CLANG_WARN_DIRECT_OBJC_ISA_USAGE = YES_ERROR;
				CLANG_WARN_DOCUMENTATION_COMMENTS = YES;
				CLANG_WARN_EMPTY_BODY = YES;
				CLANG_WARN_ENUM_CONVERSION = YES;
				CLANG_WARN_INFINITE_RECURSION = YES;
				CLANG_WARN_INT_CONVERSION = YES;
				CLANG_WARN_NON_LITERAL_NULL_CONVERSION = YES;
				CLANG_WARN_OBJC_LITERAL_CONVERSION = YES;
				CLANG_WARN_OBJC_ROOT_CLASS = YES_ERROR;
				CLANG_WARN_RANGE_LOOP_ANALYSIS = YES;
				CLANG_WARN_STRICT_PROTOTYPES = YES;
				CLANG_WARN_SUSPICIOUS_MOVE = YES;
				CLANG_WARN_UNGUARDED_AVAILABILITY = YES_AGGRESSIVE;
				CLANG_WARN_UNREACHABLE_CODE = YES;
				CLANG_WARN__DUPLICATE_METHOD_MATCH = YES;
				CODE_SIGN_IDENTITY = "-";
				COPY_PHASE_STRIP = NO;
				DEBUG_INFORMATION_FORMAT = dwarf;
				ENABLE_STRICT_OBJC_MSGSEND = YES;
				ENABLE_TESTABILITY = YES;
				GCC_C_LANGUAGE_STANDARD = gnu11;
				GCC_DYNAMIC_NO_PIC = NO;
				GCC_NO_COMMON_BLOCKS = YES;
				GCC_OPTIMIZATION_LEVEL = 0;
				GCC_PREPROCESSOR_DEFINITIONS = (
					"DEBUG=1",
					"$(inherited)",
				);
				GCC_WARN_64_TO_32_BIT_CONVERSION = YES;
				GCC_WARN_ABOUT_RETURN_TYPE = YES_ERROR;
				GCC_WARN_UNDECLARED_SELECTOR = YES;
				GCC_WARN_UNINITIALIZED_AUTOS = YES_AGGRESSIVE;
				GCC_WARN_UNUSED_FUNCTION = YES;
				GCC_WARN_UNUSED_VARIABLE = YES;
				MACOSX_DEPLOYMENT_TARGET = 10.13;
				MTL_ENABLE_DEBUG_INFO = YES;
				ONLY_ACTIVE_ARCH = YES;
				SDKROOT = macosx;
			};
			name = Debug;
		};
		8D0343681FD84C4300F1F965 /* Release */ = {
			isa = XCBuildConfiguration;
			buildSettings = {
				ALWAYS_SEARCH_USER_PATHS = NO;
				CLANG_ANALYZER_NONNULL = YES;
				CLANG_ANALYZER_NUMBER_OBJECT_CONVERSION = YES_AGGRESSIVE;
				CLANG_CXX_LANGUAGE_STANDARD = "gnu++14";
				CLANG_CXX_LIBRARY = "libc++";
				CLANG_ENABLE_MODULES = YES;
				CLANG_ENABLE_OBJC_ARC = YES;
				CLANG_WARN_BLOCK_CAPTURE_AUTORELEASING = YES;
				CLANG_WARN_BOOL_CONVERSION = YES;
				CLANG_WARN_COMMA = YES;
				CLANG_WARN_CONSTANT_CONVERSION = YES;
				CLANG_WARN_DIRECT_OBJC_ISA_USAGE = YES_ERROR;
				CLANG_WARN_DOCUMENTATION_COMMENTS = YES;
				CLANG_WARN_EMPTY_BODY = YES;
				CLANG_WARN_ENUM_CONVERSION = YES;
				CLANG_WARN_INFINITE_RECURSION = YES;
				CLANG_WARN_INT_CONVERSION = YES;
				CLANG_WARN_NON_LITERAL_NULL_CONVERSION = YES;
				CLANG_WARN_OBJC_LITERAL_CONVERSION = YES;
				CLANG_WARN_OBJC_ROOT_CLASS = YES_ERROR;
				CLANG_WARN_RANGE_LOOP_ANALYSIS = YES;
				CLANG_WARN_STRICT_PROTOTYPES = YES;
				CLANG_WARN_SUSPICIOUS_MOVE = YES;
				CLANG_WARN_UNGUARDED_AVAILABILITY = YES_AGGRESSIVE;
				CLANG_WARN_UNREACHABLE_CODE = YES;
				CLANG_WARN__DUPLICATE_METHOD_MATCH = YES;
				CODE_SIGN_IDENTITY = "-";
				COPY_PHASE_STRIP = NO;
				DEBUG_INFORMATION_FORMAT = "dwarf-with-dsym";
				ENABLE_NS_ASSERTIONS = NO;
				ENABLE_STRICT_OBJC_MSGSEND = YES;
				GCC_C_LANGUAGE_STANDARD = gnu11;
				GCC_NO_COMMON_BLOCKS = YES;
				GCC_WARN_64_TO_32_BIT_CONVERSION = YES;
				GCC_WARN_ABOUT_RETURN_TYPE = YES_ERROR;
				GCC_WARN_UNDECLARED_SELECTOR = YES;
				GCC_WARN_UNINITIALIZED_AUTOS = YES_AGGRESSIVE;
				GCC_WARN_UNUSED_FUNCTION = YES;
				GCC_WARN_UNUSED_VARIABLE = YES;
				MACOSX_DEPLOYMENT_TARGET = 10.13;
				MTL_ENABLE_DEBUG_INFO = NO;
				SDKROOT = macosx;
			};
			name = Release;
		};
		8D03436A1FD84C4300F1F965 /* Debug */ = {
			isa = XCBuildConfiguration;
			buildSettings = {
				CODE_SIGN_STYLE = Automatic;
				PRODUCT_NAME = "$(TARGET_NAME)";
			};
			name = Debug;
		};
		8D03436B1FD84C4300F1F965 /* Release */ = {
			isa = XCBuildConfiguration;
			buildSettings = {
				CODE_SIGN_STYLE = Automatic;
				PRODUCT_NAME = "$(TARGET_NAME)";
			};
			name = Release;
		};
/* End XCBuildConfiguration section */

/* Begin XCConfigurationList section */
		8D03435D1FD84C4300F1F965 /* Build configuration list for PBXProject "week assignment 2" */ = {
			isa = XCConfigurationList;
			buildConfigurations = (
				8D0343671FD84C4300F1F965 /* Debug */,
				8D0343681FD84C4300F1F965 /* Release */,
			);
			defaultConfigurationIsVisible = 0;
			defaultConfigurationName = Release;
		};
		8D0343691FD84C4300F1F965 /* Build configuration list for PBXNativeTarget "week assignment 2" */ = {
			isa = XCConfigurationList;
			buildConfigurations = (
				8D03436A1FD84C4300F1F965 /* Debug */,
				8D03436B1FD84C4300F1F965 /* Release */,
			);
			defaultConfigurationIsVisible = 0;
			defaultConfigurationName = Release;
		};
/* End XCConfigurationList section */
	};
	rootObject = 8D03435A1FD84C4300F1F965 /* Project object */;
}
